// !$*UTF8*$!
{
	archiveVersion = 1;
	classes = {
	};
	objectVersion = 46;
	objects = {

/* Begin PBXBuildFile section */
		4910E8581CD57AF300E06389 /* AppDelegate.swift in Sources */ = {isa = PBXBuildFile; fileRef = 4910E8571CD57AF300E06389 /* AppDelegate.swift */; };
		4910E85A1CD57AF300E06389 /* ViewController.swift in Sources */ = {isa = PBXBuildFile; fileRef = 4910E8591CD57AF300E06389 /* ViewController.swift */; };
		4910E85C1CD57AF300E06389 /* Assets.xcassets in Resources */ = {isa = PBXBuildFile; fileRef = 4910E85B1CD57AF300E06389 /* Assets.xcassets */; };
		4910E85F1CD57AF300E06389 /* Main.storyboard in Resources */ = {isa = PBXBuildFile; fileRef = 4910E85D1CD57AF300E06389 /* Main.storyboard */; };
		4910E86A1CD57AF400E06389 /* Bus_Stop_FinderTests.swift in Sources */ = {isa = PBXBuildFile; fileRef = 4910E8691CD57AF400E06389 /* Bus_Stop_FinderTests.swift */; };
		4910E8751CD57AF400E06389 /* Bus_Stop_FinderUITests.swift in Sources */ = {isa = PBXBuildFile; fileRef = 4910E8741CD57AF400E06389 /* Bus_Stop_FinderUITests.swift */; };
		4910E8831CD58BD100E06389 /* MapKit.framework in Frameworks */ = {isa = PBXBuildFile; fileRef = 4910E8821CD58BD100E06389 /* MapKit.framework */; };
		491962FF1CD5FB2A008D7C63 /* MyObject.swift in Sources */ = {isa = PBXBuildFile; fileRef = 491962FE1CD5FB2A008D7C63 /* MyObject.swift */; };
		491963011CD7095D008D7C63 /* BusStop.swift in Sources */ = {isa = PBXBuildFile; fileRef = 491963001CD7095D008D7C63 /* BusStop.swift */; };
		496C5E8A1CF1280A004F6DD6 /* NotificationCenter.framework in Frameworks */ = {isa = PBXBuildFile; fileRef = 496C5E891CF1280A004F6DD6 /* NotificationCenter.framework */; };
		496C5E8F1CF1280A004F6DD6 /* TodayViewController.swift in Sources */ = {isa = PBXBuildFile; fileRef = 496C5E8E1CF1280A004F6DD6 /* TodayViewController.swift */; };
		496C5E921CF1280A004F6DD6 /* TodayViewController.xib in Resources */ = {isa = PBXBuildFile; fileRef = 496C5E901CF1280A004F6DD6 /* TodayViewController.xib */; };
		496C5E961CF1280A004F6DD6 /* InfoPlist.strings in Resources */ = {isa = PBXBuildFile; fileRef = 496C5E941CF1280A004F6DD6 /* InfoPlist.strings */; };
		496C5E991CF1280A004F6DD6 /* today extension.appex in Embed App Extensions */ = {isa = PBXBuildFile; fileRef = 496C5E871CF1280A004F6DD6 /* today extension.appex */; settings = {ATTRIBUTES = (RemoveHeadersOnCopy, ); }; };
		496C5EA31CF15A6E004F6DD6 /* NotificationCenter.framework in Frameworks */ = {isa = PBXBuildFile; fileRef = 496C5E891CF1280A004F6DD6 /* NotificationCenter.framework */; };
		496C5EA81CF15A6E004F6DD6 /* TodayViewController.swift in Sources */ = {isa = PBXBuildFile; fileRef = 496C5EA71CF15A6E004F6DD6 /* TodayViewController.swift */; };
		496C5EAA1CF15A6E004F6DD6 /* ListRowViewController.swift in Sources */ = {isa = PBXBuildFile; fileRef = 496C5EA91CF15A6E004F6DD6 /* ListRowViewController.swift */; };
		496C5EAD1CF15A6E004F6DD6 /* TodayViewController.xib in Resources */ = {isa = PBXBuildFile; fileRef = 496C5EAB1CF15A6E004F6DD6 /* TodayViewController.xib */; };
		496C5EB01CF15A6E004F6DD6 /* ListRowViewController.xib in Resources */ = {isa = PBXBuildFile; fileRef = 496C5EAE1CF15A6E004F6DD6 /* ListRowViewController.xib */; };
		496C5EB41CF15A6E004F6DD6 /* InfoPlist.strings in Resources */ = {isa = PBXBuildFile; fileRef = 496C5EB21CF15A6E004F6DD6 /* InfoPlist.strings */; };
		496C5EB71CF15A6E004F6DD6 /* table extension 2.appex in Embed App Extensions */ = {isa = PBXBuildFile; fileRef = 496C5EA21CF15A6E004F6DD6 /* table extension 2.appex */; settings = {ATTRIBUTES = (RemoveHeadersOnCopy, ); }; };
		49D82C711CE2067400D5CD59 /* TestWindowController.swift in Sources */ = {isa = PBXBuildFile; fileRef = 49D82C701CE2067400D5CD59 /* TestWindowController.swift */; };
		49D82C731CE27C2000D5CD59 /* RealtimeBoard.swift in Sources */ = {isa = PBXBuildFile; fileRef = 49D82C721CE27C2000D5CD59 /* RealtimeBoard.swift */; };
		49D82C751CE27CED00D5CD59 /* RealtimeDepartureEstimate.swift in Sources */ = {isa = PBXBuildFile; fileRef = 49D82C741CE27CED00D5CD59 /* RealtimeDepartureEstimate.swift */; };
		49D82C771CE2830400D5CD59 /* DepartureVeiwController.swift in Sources */ = {isa = PBXBuildFile; fileRef = 49D82C761CE2830400D5CD59 /* DepartureVeiwController.swift */; };
/* End PBXBuildFile section */

/* Begin PBXContainerItemProxy section */
		4910E8661CD57AF400E06389 /* PBXContainerItemProxy */ = {
			isa = PBXContainerItemProxy;
			containerPortal = 4910E84C1CD57AF200E06389 /* Project object */;
			proxyType = 1;
			remoteGlobalIDString = 4910E8531CD57AF300E06389;
			remoteInfo = "Bus Stop Finder";
		};
		4910E8711CD57AF400E06389 /* PBXContainerItemProxy */ = {
			isa = PBXContainerItemProxy;
			containerPortal = 4910E84C1CD57AF200E06389 /* Project object */;
			proxyType = 1;
			remoteGlobalIDString = 4910E8531CD57AF300E06389;
			remoteInfo = "Bus Stop Finder";
		};
		496C5E971CF1280A004F6DD6 /* PBXContainerItemProxy */ = {
			isa = PBXContainerItemProxy;
			containerPortal = 4910E84C1CD57AF200E06389 /* Project object */;
			proxyType = 1;
			remoteGlobalIDString = 496C5E861CF1280A004F6DD6;
			remoteInfo = "today extension";
		};
		496C5EB51CF15A6E004F6DD6 /* PBXContainerItemProxy */ = {
			isa = PBXContainerItemProxy;
			containerPortal = 4910E84C1CD57AF200E06389 /* Project object */;
			proxyType = 1;
			remoteGlobalIDString = 496C5EA11CF15A6E004F6DD6;
			remoteInfo = "table extension 2";
		};
/* End PBXContainerItemProxy section */

/* Begin PBXCopyFilesBuildPhase section */
		496C5E9D1CF1280B004F6DD6 /* Embed App Extensions */ = {
			isa = PBXCopyFilesBuildPhase;
			buildActionMask = 2147483647;
			dstPath = "";
			dstSubfolderSpec = 13;
			files = (
				496C5EB71CF15A6E004F6DD6 /* table extension 2.appex in Embed App Extensions */,
				496C5E991CF1280A004F6DD6 /* today extension.appex in Embed App Extensions */,
			);
			name = "Embed App Extensions";
			runOnlyForDeploymentPostprocessing = 0;
		};
/* End PBXCopyFilesBuildPhase section */

/* Begin PBXFileReference section */
		4910E8541CD57AF300E06389 /* Bus Stop Finder.app */ = {isa = PBXFileReference; explicitFileType = wrapper.application; includeInIndex = 0; path = "Bus Stop Finder.app"; sourceTree = BUILT_PRODUCTS_DIR; };
		4910E8571CD57AF300E06389 /* AppDelegate.swift */ = {isa = PBXFileReference; lastKnownFileType = sourcecode.swift; path = AppDelegate.swift; sourceTree = "<group>"; };
		4910E8591CD57AF300E06389 /* ViewController.swift */ = {isa = PBXFileReference; lastKnownFileType = sourcecode.swift; path = ViewController.swift; sourceTree = "<group>"; };
		4910E85B1CD57AF300E06389 /* Assets.xcassets */ = {isa = PBXFileReference; lastKnownFileType = folder.assetcatalog; path = Assets.xcassets; sourceTree = "<group>"; };
		4910E85E1CD57AF300E06389 /* Base */ = {isa = PBXFileReference; lastKnownFileType = file.storyboard; name = Base; path = Base.lproj/Main.storyboard; sourceTree = "<group>"; };
		4910E8601CD57AF300E06389 /* Info.plist */ = {isa = PBXFileReference; lastKnownFileType = text.plist.xml; path = Info.plist; sourceTree = "<group>"; };
		4910E8651CD57AF400E06389 /* Bus Stop FinderTests.xctest */ = {isa = PBXFileReference; explicitFileType = wrapper.cfbundle; includeInIndex = 0; path = "Bus Stop FinderTests.xctest"; sourceTree = BUILT_PRODUCTS_DIR; };
		4910E8691CD57AF400E06389 /* Bus_Stop_FinderTests.swift */ = {isa = PBXFileReference; lastKnownFileType = sourcecode.swift; path = Bus_Stop_FinderTests.swift; sourceTree = "<group>"; };
		4910E86B1CD57AF400E06389 /* Info.plist */ = {isa = PBXFileReference; lastKnownFileType = text.plist.xml; path = Info.plist; sourceTree = "<group>"; };
		4910E8701CD57AF400E06389 /* Bus Stop FinderUITests.xctest */ = {isa = PBXFileReference; explicitFileType = wrapper.cfbundle; includeInIndex = 0; path = "Bus Stop FinderUITests.xctest"; sourceTree = BUILT_PRODUCTS_DIR; };
		4910E8741CD57AF400E06389 /* Bus_Stop_FinderUITests.swift */ = {isa = PBXFileReference; lastKnownFileType = sourcecode.swift; path = Bus_Stop_FinderUITests.swift; sourceTree = "<group>"; };
		4910E8761CD57AF400E06389 /* Info.plist */ = {isa = PBXFileReference; lastKnownFileType = text.plist.xml; path = Info.plist; sourceTree = "<group>"; };
		4910E8821CD58BD100E06389 /* MapKit.framework */ = {isa = PBXFileReference; lastKnownFileType = wrapper.framework; name = MapKit.framework; path = System/Library/Frameworks/MapKit.framework; sourceTree = SDKROOT; };
		4910E8841CD58BD100E06389 /* Bus Stop Finder.entitlements */ = {isa = PBXFileReference; lastKnownFileType = text.xml; path = "Bus Stop Finder.entitlements"; sourceTree = "<group>"; };
		491962FE1CD5FB2A008D7C63 /* MyObject.swift */ = {isa = PBXFileReference; fileEncoding = 4; lastKnownFileType = sourcecode.swift; path = MyObject.swift; sourceTree = "<group>"; };
		491963001CD7095D008D7C63 /* BusStop.swift */ = {isa = PBXFileReference; fileEncoding = 4; lastKnownFileType = sourcecode.swift; path = BusStop.swift; sourceTree = "<group>"; };
		496C5E871CF1280A004F6DD6 /* today extension.appex */ = {isa = PBXFileReference; explicitFileType = "wrapper.app-extension"; includeInIndex = 0; path = "today extension.appex"; sourceTree = BUILT_PRODUCTS_DIR; };
		496C5E891CF1280A004F6DD6 /* NotificationCenter.framework */ = {isa = PBXFileReference; lastKnownFileType = wrapper.framework; name = NotificationCenter.framework; path = System/Library/Frameworks/NotificationCenter.framework; sourceTree = SDKROOT; };
		496C5E8D1CF1280A004F6DD6 /* today_extension.entitlements */ = {isa = PBXFileReference; lastKnownFileType = text.xml; path = today_extension.entitlements; sourceTree = "<group>"; };
		496C5E8E1CF1280A004F6DD6 /* TodayViewController.swift */ = {isa = PBXFileReference; lastKnownFileType = sourcecode.swift; path = TodayViewController.swift; sourceTree = "<group>"; };
		496C5E911CF1280A004F6DD6 /* Base */ = {isa = PBXFileReference; lastKnownFileType = file.xib; name = Base; path = Base.lproj/TodayViewController.xib; sourceTree = "<group>"; };
		496C5E931CF1280A004F6DD6 /* Info.plist */ = {isa = PBXFileReference; lastKnownFileType = text.plist.xml; path = Info.plist; sourceTree = "<group>"; };
		496C5E951CF1280A004F6DD6 /* en */ = {isa = PBXFileReference; lastKnownFileType = text.plist.strings; name = en; path = en.lproj/InfoPlist.strings; sourceTree = "<group>"; };
		496C5EA21CF15A6E004F6DD6 /* table extension 2.appex */ = {isa = PBXFileReference; explicitFileType = "wrapper.app-extension"; includeInIndex = 0; path = "table extension 2.appex"; sourceTree = BUILT_PRODUCTS_DIR; };
		496C5EA61CF15A6E004F6DD6 /* table_extension_2.entitlements */ = {isa = PBXFileReference; lastKnownFileType = text.xml; path = table_extension_2.entitlements; sourceTree = "<group>"; };
		496C5EA71CF15A6E004F6DD6 /* TodayViewController.swift */ = {isa = PBXFileReference; lastKnownFileType = sourcecode.swift; path = TodayViewController.swift; sourceTree = "<group>"; };
		496C5EA91CF15A6E004F6DD6 /* ListRowViewController.swift */ = {isa = PBXFileReference; lastKnownFileType = sourcecode.swift; path = ListRowViewController.swift; sourceTree = "<group>"; };
		496C5EAC1CF15A6E004F6DD6 /* Base */ = {isa = PBXFileReference; lastKnownFileType = file.xib; name = Base; path = Base.lproj/TodayViewController.xib; sourceTree = "<group>"; };
		496C5EAF1CF15A6E004F6DD6 /* Base */ = {isa = PBXFileReference; lastKnownFileType = file.xib; name = Base; path = Base.lproj/ListRowViewController.xib; sourceTree = "<group>"; };
		496C5EB11CF15A6E004F6DD6 /* Info.plist */ = {isa = PBXFileReference; lastKnownFileType = text.plist.xml; path = Info.plist; sourceTree = "<group>"; };
		496C5EB31CF15A6E004F6DD6 /* en */ = {isa = PBXFileReference; lastKnownFileType = text.plist.strings; name = en; path = en.lproj/InfoPlist.strings; sourceTree = "<group>"; };
		49D82C701CE2067400D5CD59 /* TestWindowController.swift */ = {isa = PBXFileReference; fileEncoding = 4; lastKnownFileType = sourcecode.swift; path = TestWindowController.swift; sourceTree = "<group>"; };
		49D82C721CE27C2000D5CD59 /* RealtimeBoard.swift */ = {isa = PBXFileReference; fileEncoding = 4; lastKnownFileType = sourcecode.swift; path = RealtimeBoard.swift; sourceTree = "<group>"; };
		49D82C741CE27CED00D5CD59 /* RealtimeDepartureEstimate.swift */ = {isa = PBXFileReference; fileEncoding = 4; lastKnownFileType = sourcecode.swift; path = RealtimeDepartureEstimate.swift; sourceTree = "<group>"; };
		49D82C761CE2830400D5CD59 /* DepartureVeiwController.swift */ = {isa = PBXFileReference; fileEncoding = 4; lastKnownFileType = sourcecode.swift; path = DepartureVeiwController.swift; sourceTree = "<group>"; };
/* End PBXFileReference section */

/* Begin PBXFrameworksBuildPhase section */
		4910E8511CD57AF300E06389 /* Frameworks */ = {
			isa = PBXFrameworksBuildPhase;
			buildActionMask = 2147483647;
			files = (
				4910E8831CD58BD100E06389 /* MapKit.framework in Frameworks */,
			);
			runOnlyForDeploymentPostprocessing = 0;
		};
		4910E8621CD57AF400E06389 /* Frameworks */ = {
			isa = PBXFrameworksBuildPhase;
			buildActionMask = 2147483647;
			files = (
			);
			runOnlyForDeploymentPostprocessing = 0;
		};
		4910E86D1CD57AF400E06389 /* Frameworks */ = {
			isa = PBXFrameworksBuildPhase;
			buildActionMask = 2147483647;
			files = (
			);
			runOnlyForDeploymentPostprocessing = 0;
		};
		496C5E841CF1280A004F6DD6 /* Frameworks */ = {
			isa = PBXFrameworksBuildPhase;
			buildActionMask = 2147483647;
			files = (
				496C5E8A1CF1280A004F6DD6 /* NotificationCenter.framework in Frameworks */,
			);
			runOnlyForDeploymentPostprocessing = 0;
		};
		496C5E9F1CF15A6E004F6DD6 /* Frameworks */ = {
			isa = PBXFrameworksBuildPhase;
			buildActionMask = 2147483647;
			files = (
				496C5EA31CF15A6E004F6DD6 /* NotificationCenter.framework in Frameworks */,
			);
			runOnlyForDeploymentPostprocessing = 0;
		};
/* End PBXFrameworksBuildPhase section */

/* Begin PBXGroup section */
		4910E84B1CD57AF200E06389 = {
			isa = PBXGroup;
			children = (
				4910E8821CD58BD100E06389 /* MapKit.framework */,
				4910E8561CD57AF300E06389 /* Bus Stop Finder */,
				4910E8681CD57AF400E06389 /* Bus Stop FinderTests */,
				4910E8731CD57AF400E06389 /* Bus Stop FinderUITests */,
				496C5E8B1CF1280A004F6DD6 /* today extension */,
				496C5EA41CF15A6E004F6DD6 /* table extension 2 */,
				496C5E881CF1280A004F6DD6 /* Frameworks */,
				4910E8551CD57AF300E06389 /* Products */,
			);
			sourceTree = "<group>";
		};
		4910E8551CD57AF300E06389 /* Products */ = {
			isa = PBXGroup;
			children = (
				4910E8541CD57AF300E06389 /* Bus Stop Finder.app */,
				4910E8651CD57AF400E06389 /* Bus Stop FinderTests.xctest */,
				4910E8701CD57AF400E06389 /* Bus Stop FinderUITests.xctest */,
				496C5E871CF1280A004F6DD6 /* today extension.appex */,
				496C5EA21CF15A6E004F6DD6 /* table extension 2.appex */,
			);
			name = Products;
			sourceTree = "<group>";
		};
		4910E8561CD57AF300E06389 /* Bus Stop Finder */ = {
			isa = PBXGroup;
			children = (
				4910E8841CD58BD100E06389 /* Bus Stop Finder.entitlements */,
				4910E8571CD57AF300E06389 /* AppDelegate.swift */,
				4910E8591CD57AF300E06389 /* ViewController.swift */,
				491963001CD7095D008D7C63 /* BusStop.swift */,
				4910E85B1CD57AF300E06389 /* Assets.xcassets */,
				4910E85D1CD57AF300E06389 /* Main.storyboard */,
				4910E8601CD57AF300E06389 /* Info.plist */,
				491962FE1CD5FB2A008D7C63 /* MyObject.swift */,
				49D82C701CE2067400D5CD59 /* TestWindowController.swift */,
				49D82C721CE27C2000D5CD59 /* RealtimeBoard.swift */,
				49D82C741CE27CED00D5CD59 /* RealtimeDepartureEstimate.swift */,
				49D82C761CE2830400D5CD59 /* DepartureVeiwController.swift */,
			);
			path = "Bus Stop Finder";
			sourceTree = "<group>";
		};
		4910E8681CD57AF400E06389 /* Bus Stop FinderTests */ = {
			isa = PBXGroup;
			children = (
				4910E8691CD57AF400E06389 /* Bus_Stop_FinderTests.swift */,
				4910E86B1CD57AF400E06389 /* Info.plist */,
			);
			path = "Bus Stop FinderTests";
			sourceTree = "<group>";
		};
		4910E8731CD57AF400E06389 /* Bus Stop FinderUITests */ = {
			isa = PBXGroup;
			children = (
				4910E8741CD57AF400E06389 /* Bus_Stop_FinderUITests.swift */,
				4910E8761CD57AF400E06389 /* Info.plist */,
			);
			path = "Bus Stop FinderUITests";
			sourceTree = "<group>";
		};
		496C5E881CF1280A004F6DD6 /* Frameworks */ = {
			isa = PBXGroup;
			children = (
				496C5E891CF1280A004F6DD6 /* NotificationCenter.framework */,
			);
			name = Frameworks;
			sourceTree = "<group>";
		};
		496C5E8B1CF1280A004F6DD6 /* today extension */ = {
			isa = PBXGroup;
			children = (
				496C5E8E1CF1280A004F6DD6 /* TodayViewController.swift */,
				496C5E901CF1280A004F6DD6 /* TodayViewController.xib */,
				496C5E931CF1280A004F6DD6 /* Info.plist */,
				496C5E941CF1280A004F6DD6 /* InfoPlist.strings */,
				496C5E8C1CF1280A004F6DD6 /* Supporting Files */,
			);
			path = "today extension";
			sourceTree = "<group>";
		};
		496C5E8C1CF1280A004F6DD6 /* Supporting Files */ = {
			isa = PBXGroup;
			children = (
				496C5E8D1CF1280A004F6DD6 /* today_extension.entitlements */,
			);
			name = "Supporting Files";
			sourceTree = "<group>";
		};
		496C5EA41CF15A6E004F6DD6 /* table extension 2 */ = {
			isa = PBXGroup;
			children = (
				496C5EA71CF15A6E004F6DD6 /* TodayViewController.swift */,
				496C5EA91CF15A6E004F6DD6 /* ListRowViewController.swift */,
				496C5EAB1CF15A6E004F6DD6 /* TodayViewController.xib */,
				496C5EAE1CF15A6E004F6DD6 /* ListRowViewController.xib */,
				496C5EB11CF15A6E004F6DD6 /* Info.plist */,
				496C5EB21CF15A6E004F6DD6 /* InfoPlist.strings */,
				496C5EA51CF15A6E004F6DD6 /* Supporting Files */,
			);
			path = "table extension 2";
			sourceTree = "<group>";
		};
		496C5EA51CF15A6E004F6DD6 /* Supporting Files */ = {
			isa = PBXGroup;
			children = (
				496C5EA61CF15A6E004F6DD6 /* table_extension_2.entitlements */,
			);
			name = "Supporting Files";
			sourceTree = "<group>";
		};
/* End PBXGroup section */

/* Begin PBXNativeTarget section */
		4910E8531CD57AF300E06389 /* Bus Stop Finder */ = {
			isa = PBXNativeTarget;
			buildConfigurationList = 4910E8791CD57AF400E06389 /* Build configuration list for PBXNativeTarget "Bus Stop Finder" */;
			buildPhases = (
				4910E8501CD57AF300E06389 /* Sources */,
				4910E8511CD57AF300E06389 /* Frameworks */,
				4910E8521CD57AF300E06389 /* Resources */,
				496C5E9D1CF1280B004F6DD6 /* Embed App Extensions */,
			);
			buildRules = (
			);
			dependencies = (
				496C5E981CF1280A004F6DD6 /* PBXTargetDependency */,
				496C5EB61CF15A6E004F6DD6 /* PBXTargetDependency */,
			);
			name = "Bus Stop Finder";
			productName = "Bus Stop Finder";
			productReference = 4910E8541CD57AF300E06389 /* Bus Stop Finder.app */;
			productType = "com.apple.product-type.application";
		};
		4910E8641CD57AF400E06389 /* Bus Stop FinderTests */ = {
			isa = PBXNativeTarget;
			buildConfigurationList = 4910E87C1CD57AF400E06389 /* Build configuration list for PBXNativeTarget "Bus Stop FinderTests" */;
			buildPhases = (
				4910E8611CD57AF400E06389 /* Sources */,
				4910E8621CD57AF400E06389 /* Frameworks */,
				4910E8631CD57AF400E06389 /* Resources */,
			);
			buildRules = (
			);
			dependencies = (
				4910E8671CD57AF400E06389 /* PBXTargetDependency */,
			);
			name = "Bus Stop FinderTests";
			productName = "Bus Stop FinderTests";
			productReference = 4910E8651CD57AF400E06389 /* Bus Stop FinderTests.xctest */;
			productType = "com.apple.product-type.bundle.unit-test";
		};
		4910E86F1CD57AF400E06389 /* Bus Stop FinderUITests */ = {
			isa = PBXNativeTarget;
			buildConfigurationList = 4910E87F1CD57AF400E06389 /* Build configuration list for PBXNativeTarget "Bus Stop FinderUITests" */;
			buildPhases = (
				4910E86C1CD57AF400E06389 /* Sources */,
				4910E86D1CD57AF400E06389 /* Frameworks */,
				4910E86E1CD57AF400E06389 /* Resources */,
			);
			buildRules = (
			);
			dependencies = (
				4910E8721CD57AF400E06389 /* PBXTargetDependency */,
			);
			name = "Bus Stop FinderUITests";
			productName = "Bus Stop FinderUITests";
			productReference = 4910E8701CD57AF400E06389 /* Bus Stop FinderUITests.xctest */;
			productType = "com.apple.product-type.bundle.ui-testing";
		};
		496C5E861CF1280A004F6DD6 /* today extension */ = {
			isa = PBXNativeTarget;
			buildConfigurationList = 496C5E9C1CF1280B004F6DD6 /* Build configuration list for PBXNativeTarget "today extension" */;
			buildPhases = (
				496C5E831CF1280A004F6DD6 /* Sources */,
				496C5E841CF1280A004F6DD6 /* Frameworks */,
				496C5E851CF1280A004F6DD6 /* Resources */,
			);
			buildRules = (
			);
			dependencies = (
			);
			name = "today extension";
			productName = "today extension";
			productReference = 496C5E871CF1280A004F6DD6 /* today extension.appex */;
			productType = "com.apple.product-type.app-extension";
		};
		496C5EA11CF15A6E004F6DD6 /* table extension 2 */ = {
			isa = PBXNativeTarget;
			buildConfigurationList = 496C5EBA1CF15A6E004F6DD6 /* Build configuration list for PBXNativeTarget "table extension 2" */;
			buildPhases = (
				496C5E9E1CF15A6E004F6DD6 /* Sources */,
				496C5E9F1CF15A6E004F6DD6 /* Frameworks */,
				496C5EA01CF15A6E004F6DD6 /* Resources */,
			);
			buildRules = (
			);
			dependencies = (
			);
			name = "table extension 2";
			productName = "table extension 2";
			productReference = 496C5EA21CF15A6E004F6DD6 /* table extension 2.appex */;
			productType = "com.apple.product-type.app-extension";
		};
/* End PBXNativeTarget section */

/* Begin PBXProject section */
		4910E84C1CD57AF200E06389 /* Project object */ = {
			isa = PBXProject;
			attributes = {
				LastSwiftUpdateCheck = 0730;
				LastUpgradeCheck = 0730;
				ORGANIZATIONNAME = "Wellington City Council Extension Apps";
				TargetAttributes = {
					4910E8531CD57AF300E06389 = {
						CreatedOnToolsVersion = 7.3;
						DevelopmentTeam = 6H77GT49V5;
						SystemCapabilities = {
							com.apple.Maps.Mac = {
								enabled = 1;
							};
							com.apple.Sandbox = {
								enabled = 1;
							};
						};
					};
					4910E8641CD57AF400E06389 = {
						CreatedOnToolsVersion = 7.3;
						TestTargetID = 4910E8531CD57AF300E06389;
					};
					4910E86F1CD57AF400E06389 = {
						CreatedOnToolsVersion = 7.3;
						TestTargetID = 4910E8531CD57AF300E06389;
					};
					496C5E861CF1280A004F6DD6 = {
						CreatedOnToolsVersion = 7.3.1;
						DevelopmentTeam = 6H77GT49V5;
					};
					496C5EA11CF15A6E004F6DD6 = {
						CreatedOnToolsVersion = 7.3.1;
						DevelopmentTeam = 6H77GT49V5;
					};
				};
			};
			buildConfigurationList = 4910E84F1CD57AF300E06389 /* Build configuration list for PBXProject "Bus Stop Finder" */;
			compatibilityVersion = "Xcode 3.2";
			developmentRegion = English;
			hasScannedForEncodings = 0;
			knownRegions = (
				en,
				Base,
			);
			mainGroup = 4910E84B1CD57AF200E06389;
			productRefGroup = 4910E8551CD57AF300E06389 /* Products */;
			projectDirPath = "";
			projectRoot = "";
			targets = (
				4910E8531CD57AF300E06389 /* Bus Stop Finder */,
				4910E8641CD57AF400E06389 /* Bus Stop FinderTests */,
				4910E86F1CD57AF400E06389 /* Bus Stop FinderUITests */,
				496C5E861CF1280A004F6DD6 /* today extension */,
				496C5EA11CF15A6E004F6DD6 /* table extension 2 */,
			);
		};
/* End PBXProject section */

/* Begin PBXResourcesBuildPhase section */
		4910E8521CD57AF300E06389 /* Resources */ = {
			isa = PBXResourcesBuildPhase;
			buildActionMask = 2147483647;
			files = (
				4910E85C1CD57AF300E06389 /* Assets.xcassets in Resources */,
				4910E85F1CD57AF300E06389 /* Main.storyboard in Resources */,
			);
			runOnlyForDeploymentPostprocessing = 0;
		};
		4910E8631CD57AF400E06389 /* Resources */ = {
			isa = PBXResourcesBuildPhase;
			buildActionMask = 2147483647;
			files = (
			);
			runOnlyForDeploymentPostprocessing = 0;
		};
		4910E86E1CD57AF400E06389 /* Resources */ = {
			isa = PBXResourcesBuildPhase;
			buildActionMask = 2147483647;
			files = (
			);
			runOnlyForDeploymentPostprocessing = 0;
		};
		496C5E851CF1280A004F6DD6 /* Resources */ = {
			isa = PBXResourcesBuildPhase;
			buildActionMask = 2147483647;
			files = (
				496C5E921CF1280A004F6DD6 /* TodayViewController.xib in Resources */,
				496C5E961CF1280A004F6DD6 /* InfoPlist.strings in Resources */,
			);
			runOnlyForDeploymentPostprocessing = 0;
		};
		496C5EA01CF15A6E004F6DD6 /* Resources */ = {
			isa = PBXResourcesBuildPhase;
			buildActionMask = 2147483647;
			files = (
				496C5EAD1CF15A6E004F6DD6 /* TodayViewController.xib in Resources */,
				496C5EB41CF15A6E004F6DD6 /* InfoPlist.strings in Resources */,
				496C5EB01CF15A6E004F6DD6 /* ListRowViewController.xib in Resources */,
			);
			runOnlyForDeploymentPostprocessing = 0;
		};
/* End PBXResourcesBuildPhase section */

/* Begin PBXSourcesBuildPhase section */
		4910E8501CD57AF300E06389 /* Sources */ = {
			isa = PBXSourcesBuildPhase;
			buildActionMask = 2147483647;
			files = (
				491963011CD7095D008D7C63 /* BusStop.swift in Sources */,
				49D82C731CE27C2000D5CD59 /* RealtimeBoard.swift in Sources */,
				4910E85A1CD57AF300E06389 /* ViewController.swift in Sources */,
				49D82C771CE2830400D5CD59 /* DepartureVeiwController.swift in Sources */,
				491962FF1CD5FB2A008D7C63 /* MyObject.swift in Sources */,
				49D82C751CE27CED00D5CD59 /* RealtimeDepartureEstimate.swift in Sources */,
				4910E8581CD57AF300E06389 /* AppDelegate.swift in Sources */,
				49D82C711CE2067400D5CD59 /* TestWindowController.swift in Sources */,
			);
			runOnlyForDeploymentPostprocessing = 0;
		};
		4910E8611CD57AF400E06389 /* Sources */ = {
			isa = PBXSourcesBuildPhase;
			buildActionMask = 2147483647;
			files = (
				4910E86A1CD57AF400E06389 /* Bus_Stop_FinderTests.swift in Sources */,
			);
			runOnlyForDeploymentPostprocessing = 0;
		};
		4910E86C1CD57AF400E06389 /* Sources */ = {
			isa = PBXSourcesBuildPhase;
			buildActionMask = 2147483647;
			files = (
				4910E8751CD57AF400E06389 /* Bus_Stop_FinderUITests.swift in Sources */,
			);
			runOnlyForDeploymentPostprocessing = 0;
		};
		496C5E831CF1280A004F6DD6 /* Sources */ = {
			isa = PBXSourcesBuildPhase;
			buildActionMask = 2147483647;
			files = (
				496C5E8F1CF1280A004F6DD6 /* TodayViewController.swift in Sources */,
			);
			runOnlyForDeploymentPostprocessing = 0;
		};
		496C5E9E1CF15A6E004F6DD6 /* Sources */ = {
			isa = PBXSourcesBuildPhase;
			buildActionMask = 2147483647;
			files = (
				496C5EA81CF15A6E004F6DD6 /* TodayViewController.swift in Sources */,
				496C5EAA1CF15A6E004F6DD6 /* ListRowViewController.swift in Sources */,
			);
			runOnlyForDeploymentPostprocessing = 0;
		};
/* End PBXSourcesBuildPhase section */

/* Begin PBXTargetDependency section */
		4910E8671CD57AF400E06389 /* PBXTargetDependency */ = {
			isa = PBXTargetDependency;
			target = 4910E8531CD57AF300E06389 /* Bus Stop Finder */;
			targetProxy = 4910E8661CD57AF400E06389 /* PBXContainerItemProxy */;
		};
		4910E8721CD57AF400E06389 /* PBXTargetDependency */ = {
			isa = PBXTargetDependency;
			target = 4910E8531CD57AF300E06389 /* Bus Stop Finder */;
			targetProxy = 4910E8711CD57AF400E06389 /* PBXContainerItemProxy */;
		};
		496C5E981CF1280A004F6DD6 /* PBXTargetDependency */ = {
			isa = PBXTargetDependency;
			target = 496C5E861CF1280A004F6DD6 /* today extension */;
			targetProxy = 496C5E971CF1280A004F6DD6 /* PBXContainerItemProxy */;
		};
		496C5EB61CF15A6E004F6DD6 /* PBXTargetDependency */ = {
			isa = PBXTargetDependency;
			target = 496C5EA11CF15A6E004F6DD6 /* table extension 2 */;
			targetProxy = 496C5EB51CF15A6E004F6DD6 /* PBXContainerItemProxy */;
		};
/* End PBXTargetDependency section */

/* Begin PBXVariantGroup section */
		4910E85D1CD57AF300E06389 /* Main.storyboard */ = {
			isa = PBXVariantGroup;
			children = (
				4910E85E1CD57AF300E06389 /* Base */,
			);
			name = Main.storyboard;
			sourceTree = "<group>";
		};
		496C5E901CF1280A004F6DD6 /* TodayViewController.xib */ = {
			isa = PBXVariantGroup;
			children = (
				496C5E911CF1280A004F6DD6 /* Base */,
			);
			name = TodayViewController.xib;
			sourceTree = "<group>";
		};
		496C5E941CF1280A004F6DD6 /* InfoPlist.strings */ = {
			isa = PBXVariantGroup;
			children = (
				496C5E951CF1280A004F6DD6 /* en */,
			);
			name = InfoPlist.strings;
			sourceTree = "<group>";
		};
		496C5EAB1CF15A6E004F6DD6 /* TodayViewController.xib */ = {
			isa = PBXVariantGroup;
			children = (
				496C5EAC1CF15A6E004F6DD6 /* Base */,
			);
			name = TodayViewController.xib;
			sourceTree = "<group>";
		};
		496C5EAE1CF15A6E004F6DD6 /* ListRowViewController.xib */ = {
			isa = PBXVariantGroup;
			children = (
				496C5EAF1CF15A6E004F6DD6 /* Base */,
			);
			name = ListRowViewController.xib;
			sourceTree = "<group>";
		};
		496C5EB21CF15A6E004F6DD6 /* InfoPlist.strings */ = {
			isa = PBXVariantGroup;
			children = (
				496C5EB31CF15A6E004F6DD6 /* en */,
			);
			name = InfoPlist.strings;
			sourceTree = "<group>";
		};
/* End PBXVariantGroup section */

/* Begin XCBuildConfiguration section */
		4910E8771CD57AF400E06389 /* Debug */ = {
			isa = XCBuildConfiguration;
			buildSettings = {
				ALWAYS_SEARCH_USER_PATHS = NO;
				CLANG_ANALYZER_NONNULL = YES;
				CLANG_CXX_LANGUAGE_STANDARD = "gnu++0x";
				CLANG_CXX_LIBRARY = "libc++";
				CLANG_ENABLE_MODULES = YES;
				CLANG_ENABLE_OBJC_ARC = YES;
				CLANG_WARN_BOOL_CONVERSION = YES;
				CLANG_WARN_CONSTANT_CONVERSION = YES;
				CLANG_WARN_DIRECT_OBJC_ISA_USAGE = YES_ERROR;
				CLANG_WARN_EMPTY_BODY = YES;
				CLANG_WARN_ENUM_CONVERSION = YES;
				CLANG_WARN_INT_CONVERSION = YES;
				CLANG_WARN_OBJC_ROOT_CLASS = YES_ERROR;
				CLANG_WARN_UNREACHABLE_CODE = YES;
				CLANG_WARN__DUPLICATE_METHOD_MATCH = YES;
				CODE_SIGN_IDENTITY = "-";
				COPY_PHASE_STRIP = NO;
				DEBUG_INFORMATION_FORMAT = dwarf;
				ENABLE_STRICT_OBJC_MSGSEND = YES;
				ENABLE_TESTABILITY = YES;
				GCC_C_LANGUAGE_STANDARD = gnu99;
				GCC_DYNAMIC_NO_PIC = NO;
				GCC_NO_COMMON_BLOCKS = YES;
				GCC_OPTIMIZATION_LEVEL = 0;
				GCC_PREPROCESSOR_DEFINITIONS = (
					"DEBUG=1",
					"$(inherited)",
				);
				GCC_WARN_64_TO_32_BIT_CONVERSION = YES;
				GCC_WARN_ABOUT_RETURN_TYPE = YES_ERROR;
				GCC_WARN_UNDECLARED_SELECTOR = YES;
				GCC_WARN_UNINITIALIZED_AUTOS = YES_AGGRESSIVE;
				GCC_WARN_UNUSED_FUNCTION = YES;
				GCC_WARN_UNUSED_VARIABLE = YES;
				MACOSX_DEPLOYMENT_TARGET = 10.11;
				MTL_ENABLE_DEBUG_INFO = YES;
				ONLY_ACTIVE_ARCH = YES;
				SDKROOT = macosx;
				SWIFT_OPTIMIZATION_LEVEL = "-Onone";
			};
			name = Debug;
		};
		4910E8781CD57AF400E06389 /* Release */ = {
			isa = XCBuildConfiguration;
			buildSettings = {
				ALWAYS_SEARCH_USER_PATHS = NO;
				CLANG_ANALYZER_NONNULL = YES;
				CLANG_CXX_LANGUAGE_STANDARD = "gnu++0x";
				CLANG_CXX_LIBRARY = "libc++";
				CLANG_ENABLE_MODULES = YES;
				CLANG_ENABLE_OBJC_ARC = YES;
				CLANG_WARN_BOOL_CONVERSION = YES;
				CLANG_WARN_CONSTANT_CONVERSION = YES;
				CLANG_WARN_DIRECT_OBJC_ISA_USAGE = YES_ERROR;
				CLANG_WARN_EMPTY_BODY = YES;
				CLANG_WARN_ENUM_CONVERSION = YES;
				CLANG_WARN_INT_CONVERSION = YES;
				CLANG_WARN_OBJC_ROOT_CLASS = YES_ERROR;
				CLANG_WARN_UNREACHABLE_CODE = YES;
				CLANG_WARN__DUPLICATE_METHOD_MATCH = YES;
				CODE_SIGN_IDENTITY = "-";
				COPY_PHASE_STRIP = NO;
				DEBUG_INFORMATION_FORMAT = "dwarf-with-dsym";
				ENABLE_NS_ASSERTIONS = NO;
				ENABLE_STRICT_OBJC_MSGSEND = YES;
				GCC_C_LANGUAGE_STANDARD = gnu99;
				GCC_NO_COMMON_BLOCKS = YES;
				GCC_WARN_64_TO_32_BIT_CONVERSION = YES;
				GCC_WARN_ABOUT_RETURN_TYPE = YES_ERROR;
				GCC_WARN_UNDECLARED_SELECTOR = YES;
				GCC_WARN_UNINITIALIZED_AUTOS = YES_AGGRESSIVE;
				GCC_WARN_UNUSED_FUNCTION = YES;
				GCC_WARN_UNUSED_VARIABLE = YES;
				MACOSX_DEPLOYMENT_TARGET = 10.11;
				MTL_ENABLE_DEBUG_INFO = NO;
				SDKROOT = macosx;
			};
			name = Release;
		};
		4910E87A1CD57AF400E06389 /* Debug */ = {
			isa = XCBuildConfiguration;
			buildSettings = {
				ASSETCATALOG_COMPILER_APPICON_NAME = AppIcon;
				CODE_SIGN_ENTITLEMENTS = "Bus Stop Finder/Bus Stop Finder.entitlements";
				CODE_SIGN_IDENTITY = "Mac Developer";
				"CODE_SIGN_IDENTITY[sdk=macosx*]" = "Mac Developer";
				COMBINE_HIDPI_IMAGES = YES;
				EMBEDDED_CONTENT_CONTAINS_SWIFT = YES;
				INFOPLIST_FILE = "Bus Stop Finder/Info.plist";
				LD_RUNPATH_SEARCH_PATHS = "$(inherited) @executable_path/../Frameworks";
				PRODUCT_BUNDLE_IDENTIFIER = "com.wccapps.Bus-Stop-Finder";
				PRODUCT_NAME = "$(TARGET_NAME)";
				PROVISIONING_PROFILE = "";
			};
			name = Debug;
		};
		4910E87B1CD57AF400E06389 /* Release */ = {
			isa = XCBuildConfiguration;
			buildSettings = {
				ASSETCATALOG_COMPILER_APPICON_NAME = AppIcon;
				CODE_SIGN_ENTITLEMENTS = "Bus Stop Finder/Bus Stop Finder.entitlements";
				CODE_SIGN_IDENTITY = "Mac Developer";
				"CODE_SIGN_IDENTITY[sdk=macosx*]" = "Mac Developer";
				COMBINE_HIDPI_IMAGES = YES;
				EMBEDDED_CONTENT_CONTAINS_SWIFT = YES;
				INFOPLIST_FILE = "Bus Stop Finder/Info.plist";
				LD_RUNPATH_SEARCH_PATHS = "$(inherited) @executable_path/../Frameworks";
				PRODUCT_BUNDLE_IDENTIFIER = "com.wccapps.Bus-Stop-Finder";
				PRODUCT_NAME = "$(TARGET_NAME)";
				PROVISIONING_PROFILE = "";
			};
			name = Release;
		};
		4910E87D1CD57AF400E06389 /* Debug */ = {
			isa = XCBuildConfiguration;
			buildSettings = {
				BUNDLE_LOADER = "$(TEST_HOST)";
				COMBINE_HIDPI_IMAGES = YES;
				INFOPLIST_FILE = "Bus Stop FinderTests/Info.plist";
				LD_RUNPATH_SEARCH_PATHS = "$(inherited) @executable_path/../Frameworks @loader_path/../Frameworks";
				PRODUCT_BUNDLE_IDENTIFIER = "com.wccapps.Bus-Stop-FinderTests";
				PRODUCT_NAME = "$(TARGET_NAME)";
				TEST_HOST = "$(BUILT_PRODUCTS_DIR)/Bus Stop Finder.app/Contents/MacOS/Bus Stop Finder";
			};
			name = Debug;
		};
		4910E87E1CD57AF400E06389 /* Release */ = {
			isa = XCBuildConfiguration;
			buildSettings = {
				BUNDLE_LOADER = "$(TEST_HOST)";
				COMBINE_HIDPI_IMAGES = YES;
				INFOPLIST_FILE = "Bus Stop FinderTests/Info.plist";
				LD_RUNPATH_SEARCH_PATHS = "$(inherited) @executable_path/../Frameworks @loader_path/../Frameworks";
				PRODUCT_BUNDLE_IDENTIFIER = "com.wccapps.Bus-Stop-FinderTests";
				PRODUCT_NAME = "$(TARGET_NAME)";
				TEST_HOST = "$(BUILT_PRODUCTS_DIR)/Bus Stop Finder.app/Contents/MacOS/Bus Stop Finder";
			};
			name = Release;
		};
		4910E8801CD57AF400E06389 /* Debug */ = {
			isa = XCBuildConfiguration;
			buildSettings = {
				COMBINE_HIDPI_IMAGES = YES;
				INFOPLIST_FILE = "Bus Stop FinderUITests/Info.plist";
				LD_RUNPATH_SEARCH_PATHS = "$(inherited) @executable_path/../Frameworks @loader_path/../Frameworks";
				PRODUCT_BUNDLE_IDENTIFIER = "com.wccapps.Bus-Stop-FinderUITests";
				PRODUCT_NAME = "$(TARGET_NAME)";
				TEST_TARGET_NAME = "Bus Stop Finder";
			};
			name = Debug;
		};
		4910E8811CD57AF400E06389 /* Release */ = {
			isa = XCBuildConfiguration;
			buildSettings = {
				COMBINE_HIDPI_IMAGES = YES;
				INFOPLIST_FILE = "Bus Stop FinderUITests/Info.plist";
				LD_RUNPATH_SEARCH_PATHS = "$(inherited) @executable_path/../Frameworks @loader_path/../Frameworks";
				PRODUCT_BUNDLE_IDENTIFIER = "com.wccapps.Bus-Stop-FinderUITests";
				PRODUCT_NAME = "$(TARGET_NAME)";
				TEST_TARGET_NAME = "Bus Stop Finder";
			};
			name = Release;
		};
		496C5E9A1CF1280A004F6DD6 /* Debug */ = {
			isa = XCBuildConfiguration;
			buildSettings = {
				CODE_SIGN_ENTITLEMENTS = "today extension/today_extension.entitlements";
				CODE_SIGN_IDENTITY = "Mac Developer";
				"CODE_SIGN_IDENTITY[sdk=macosx*]" = "Mac Developer";
				COMBINE_HIDPI_IMAGES = YES;
				INFOPLIST_FILE = "today extension/Info.plist";
				LD_RUNPATH_SEARCH_PATHS = "$(inherited) @executable_path/../Frameworks @executable_path/../../../../Frameworks";
				PRODUCT_BUNDLE_IDENTIFIER = "com.wccapps.Bus-Stop-Finder.today-extension";
				PRODUCT_NAME = "$(TARGET_NAME)";
				SKIP_INSTALL = YES;
			};
			name = Debug;
		};
		496C5E9B1CF1280A004F6DD6 /* Release */ = {
			isa = XCBuildConfiguration;
			buildSettings = {
				CODE_SIGN_ENTITLEMENTS = "today extension/today_extension.entitlements";
				CODE_SIGN_IDENTITY = "Mac Developer";
				"CODE_SIGN_IDENTITY[sdk=macosx*]" = "Mac Developer";
				COMBINE_HIDPI_IMAGES = YES;
				INFOPLIST_FILE = "today extension/Info.plist";
				LD_RUNPATH_SEARCH_PATHS = "$(inherited) @executable_path/../Frameworks @executable_path/../../../../Frameworks";
				PRODUCT_BUNDLE_IDENTIFIER = "com.wccapps.Bus-Stop-Finder.today-extension";
				PRODUCT_NAME = "$(TARGET_NAME)";
				SKIP_INSTALL = YES;
			};
			name = Release;
		};
		496C5EB81CF15A6E004F6DD6 /* Debug */ = {
			isa = XCBuildConfiguration;
			buildSettings = {
				CODE_SIGN_ENTITLEMENTS = "table extension 2/table_extension_2.entitlements";
				CODE_SIGN_IDENTITY = "Mac Developer";
				"CODE_SIGN_IDENTITY[sdk=macosx*]" = "Mac Developer";
				COMBINE_HIDPI_IMAGES = YES;
				INFOPLIST_FILE = "table extension 2/Info.plist";
				LD_RUNPATH_SEARCH_PATHS = "$(inherited) @executable_path/../Frameworks @executable_path/../../../../Frameworks";
				PRODUCT_BUNDLE_IDENTIFIER = "com.wccapps.Bus-Stop-Finder.table-extension-2";
				PRODUCT_NAME = "$(TARGET_NAME)";
				SKIP_INSTALL = YES;
			};
			name = Debug;
		};
		496C5EB91CF15A6E004F6DD6 /* Release */ = {
			isa = XCBuildConfiguration;
			buildSettings = {
				CODE_SIGN_ENTITLEMENTS = "table extension 2/table_extension_2.entitlements";
				CODE_SIGN_IDENTITY = "Mac Developer";
				"CODE_SIGN_IDENTITY[sdk=macosx*]" = "Mac Developer";
				COMBINE_HIDPI_IMAGES = YES;
				INFOPLIST_FILE = "table extension 2/Info.plist";
				LD_RUNPATH_SEARCH_PATHS = "$(inherited) @executable_path/../Frameworks @executable_path/../../../../Frameworks";
				PRODUCT_BUNDLE_IDENTIFIER = "com.wccapps.Bus-Stop-Finder.table-extension-2";
				PRODUCT_NAME = "$(TARGET_NAME)";
				SKIP_INSTALL = YES;
			};
			name = Release;
		};
/* End XCBuildConfiguration section */

/* Begin XCConfigurationList section */
		4910E84F1CD57AF300E06389 /* Build configuration list for PBXProject "Bus Stop Finder" */ = {
			isa = XCConfigurationList;
			buildConfigurations = (
				4910E8771CD57AF400E06389 /* Debug */,
				4910E8781CD57AF400E06389 /* Release */,
			);
			defaultConfigurationIsVisible = 0;
			defaultConfigurationName = Release;
		};
		4910E8791CD57AF400E06389 /* Build configuration list for PBXNativeTarget "Bus Stop Finder" */ = {
			isa = XCConfigurationList;
			buildConfigurations = (
				4910E87A1CD57AF400E06389 /* Debug */,
				4910E87B1CD57AF400E06389 /* Release */,
			);
			defaultConfigurationIsVisible = 0;
			defaultConfigurationName = Release;
		};
		4910E87C1CD57AF400E06389 /* Build configuration list for PBXNativeTarget "Bus Stop FinderTests" */ = {
			isa = XCConfigurationList;
			buildConfigurations = (
				4910E87D1CD57AF400E06389 /* Debug */,
				4910E87E1CD57AF400E06389 /* Release */,
			);
			defaultConfigurationIsVisible = 0;
			defaultConfigurationName = Release;
		};
		4910E87F1CD57AF400E06389 /* Build configuration list for PBXNativeTarget "Bus Stop FinderUITests" */ = {
			isa = XCConfigurationList;
			buildConfigurations = (
				4910E8801CD57AF400E06389 /* Debug */,
				4910E8811CD57AF400E06389 /* Release */,
			);
			defaultConfigurationIsVisible = 0;
			defaultConfigurationName = Release;
		};
		496C5E9C1CF1280B004F6DD6 /* Build configuration list for PBXNativeTarget "today extension" */ = {
			isa = XCConfigurationList;
			buildConfigurations = (
				496C5E9A1CF1280A004F6DD6 /* Debug */,
				496C5E9B1CF1280A004F6DD6 /* Release */,
			);
			defaultConfigurationIsVisible = 0;
			defaultConfigurationName = Release;
		};
		496C5EBA1CF15A6E004F6DD6 /* Build configuration list for PBXNativeTarget "table extension 2" */ = {
			isa = XCConfigurationList;
			buildConfigurations = (
				496C5EB81CF15A6E004F6DD6 /* Debug */,
				496C5EB91CF15A6E004F6DD6 /* Release */,
			);
			defaultConfigurationIsVisible = 0;
		};
/* End XCConfigurationList section */
	};
	rootObject = 4910E84C1CD57AF200E06389 /* Project object */;
}
